github.com/barbell-math/smoothbrain-errs v0.0.0-20250415081734-4786c7d59be9 h1:hJn/2cqETJP4Nv91uIf33gCB7BKXOK3JEi+W+7T9Mg8=
github.com/barbell-math/smoothbrain-errs v0.0.0-20250415081734-4786c7d59be9/go.mod h1:YOgWyHDXSHiqud/adCybkoyywzNUi+ia0faw9y1Vong=
github.com/barbell-math/smoothbrain-test v0.0.0-20250415081647-e83afda15a94 h1:Odu4SvA53S47yswwnRDdfY1u5zWC0EUPhFpjAu+WFa0=
github.com/barbell-math/smoothbrain-test v0.0.0-20250415081647-e83afda15a94/go.mod h1:Cngin9zc/7/P5GGg90R9ltJoPPl1l9cGG1ZAlexa6o8=
